
Microsoft Visual Studio Solution File, Format Version 12.00
# Visual Studio 2015
Project("{FAE04EC0-301F-11D3-BF4B-00C04F79EFBC}") = "SurvivalFinal.CSharp.Plugins", "SurvivalFinal.CSharp.Plugins.csproj", "{2F1D2624-756B-9B82-81C7-473B740D325B}"
EndProject
Project("{FAE04EC0-301F-11D3-BF4B-00C04F79EFBC}") = "SurvivalFinal.CSharp.Editor", "SurvivalFinal.CSharp.Editor.csproj", "{ECD8E14B-0313-EA13-ECC7-B7B216BD6C83}"
EndProject
Global
	GlobalSection(SolutionConfigurationPlatforms) = preSolution
		Debug|Any CPU = Debug|Any CPU
		Release|Any CPU = Release|Any CPU
	EndGlobalSection
	GlobalSection(ProjectConfigurationPlatforms) = postSolution
		{2F1D2624-756B-9B82-81C7-473B740D325B}.Debug|Any CPU.ActiveCfg = Debug|Any CPU
		{2F1D2624-756B-9B82-81C7-473B740D325B}.Debug|Any CPU.Build.0 = Debug|Any CPU
		{2F1D2624-756B-9B82-81C7-473B740D325B}.Release|Any CPU.ActiveCfg = Release|Any CPU
		{2F1D2624-756B-9B82-81C7-473B740D325B}.Release|Any CPU.Build.0 = Release|Any CPU
		{ECD8E14B-0313-EA13-ECC7-B7B216BD6C83}.Debug|Any CPU.ActiveCfg = Debug|Any CPU
		{ECD8E14B-0313-EA13-ECC7-B7B216BD6C83}.Debug|Any CPU.Build.0 = Debug|Any CPU
		{ECD8E14B-0313-EA13-ECC7-B7B216BD6C83}.Release|Any CPU.ActiveCfg = Release|Any CPU
		{ECD8E14B-0313-EA13-ECC7-B7B216BD6C83}.Release|Any CPU.Build.0 = Release|Any CPU
	EndGlobalSection
	GlobalSection(SolutionProperties) = preSolution
		HideSolutionNode = FALSE
	EndGlobalSection
EndGlobal
